
Microsoft Visual Studio Solution File, Format Version 12.00
# Visual Studio Version 17
VisualStudioVersion = 17.3.32825.248
MinimumVisualStudioVersion = 10.0.40219.1
Project("{9A19103F-16F7-4668-BE54-9A1E7A4F7556}") = "NetPlayer.Core", "NetPlayer.Core\NetPlayer.Core.csproj", "{7E781393-D815-4EB5-8DC9-85FD6274789D}"
EndProject
Project("{FAE04EC0-301F-11D3-BF4B-00C04F79EFBC}") = "NetPlayer.UI", "NetPlayer.UI\NetPlayer.UI.csproj", "{BA4A75D9-4EDF-4C57-990F-28EC077510A7}"
EndProject
Global
	GlobalSection(SolutionConfigurationPlatforms) = preSolution
		Debug|Any CPU = Debug|Any CPU
		Debug|arm64 = Debug|arm64
		Debug|x64 = Debug|x64
		Debug|x86 = Debug|x86
		Release|Any CPU = Release|Any CPU
		Release|arm64 = Release|arm64
		Release|x64 = Release|x64
		Release|x86 = Release|x86
	EndGlobalSection
	GlobalSection(ProjectConfigurationPlatforms) = postSolution
		{7E781393-D815-4EB5-8DC9-85FD6274789D}.Debug|Any CPU.ActiveCfg = Debug|Any CPU
		{7E781393-D815-4EB5-8DC9-85FD6274789D}.Debug|Any CPU.Build.0 = Debug|Any CPU
		{7E781393-D815-4EB5-8DC9-85FD6274789D}.Debug|arm64.ActiveCfg = Debug|Any CPU
		{7E781393-D815-4EB5-8DC9-85FD6274789D}.Debug|arm64.Build.0 = Debug|Any CPU
		{7E781393-D815-4EB5-8DC9-85FD6274789D}.Debug|x64.ActiveCfg = Debug|Any CPU
		{7E781393-D815-4EB5-8DC9-85FD6274789D}.Debug|x64.Build.0 = Debug|Any CPU
		{7E781393-D815-4EB5-8DC9-85FD6274789D}.Debug|x86.ActiveCfg = Debug|Any CPU
		{7E781393-D815-4EB5-8DC9-85FD6274789D}.Debug|x86.Build.0 = Debug|Any CPU
		{7E781393-D815-4EB5-8DC9-85FD6274789D}.Release|Any CPU.ActiveCfg = Release|Any CPU
		{7E781393-D815-4EB5-8DC9-85FD6274789D}.Release|Any CPU.Build.0 = Release|Any CPU
		{7E781393-D815-4EB5-8DC9-85FD6274789D}.Release|arm64.ActiveCfg = Release|Any CPU
		{7E781393-D815-4EB5-8DC9-85FD6274789D}.Release|arm64.Build.0 = Release|Any CPU
		{7E781393-D815-4EB5-8DC9-85FD6274789D}.Release|x64.ActiveCfg = Release|Any CPU
		{7E781393-D815-4EB5-8DC9-85FD6274789D}.Release|x64.Build.0 = Release|Any CPU
		{7E781393-D815-4EB5-8DC9-85FD6274789D}.Release|x86.ActiveCfg = Release|Any CPU
		{7E781393-D815-4EB5-8DC9-85FD6274789D}.Release|x86.Build.0 = Release|Any CPU
		{BA4A75D9-4EDF-4C57-990F-28EC077510A7}.Debug|Any CPU.ActiveCfg = Debug|x64
		{BA4A75D9-4EDF-4C57-990F-28EC077510A7}.Debug|Any CPU.Build.0 = Debug|x64
		{BA4A75D9-4EDF-4C57-990F-28EC077510A7}.Debug|Any CPU.Deploy.0 = Debug|x64
		{BA4A75D9-4EDF-4C57-990F-28EC077510A7}.Debug|arm64.ActiveCfg = Debug|arm64
		{BA4A75D9-4EDF-4C57-990F-28EC077510A7}.Debug|arm64.Build.0 = Debug|arm64
		{BA4A75D9-4EDF-4C57-990F-28EC077510A7}.Debug|arm64.Deploy.0 = Debug|arm64
		{BA4A75D9-4EDF-4C57-990F-28EC077510A7}.Debug|x64.ActiveCfg = Debug|x64
		{BA4A75D9-4EDF-4C57-990F-28EC077510A7}.Debug|x64.Build.0 = Debug|x64
		{BA4A75D9-4EDF-4C57-990F-28EC077510A7}.Debug|x64.Deploy.0 = Debug|x64
		{BA4A75D9-4EDF-4C57-990F-28EC077510A7}.Debug|x86.ActiveCfg = Debug|x86
		{BA4A75D9-4EDF-4C57-990F-28EC077510A7}.Debug|x86.Build.0 = Debug|x86
		{BA4A75D9-4EDF-4C57-990F-28EC077510A7}.Debug|x86.Deploy.0 = Debug|x86
		{BA4A75D9-4EDF-4C57-990F-28EC077510A7}.Release|Any CPU.ActiveCfg = Release|x64
		{BA4A75D9-4EDF-4C57-990F-28EC077510A7}.Release|Any CPU.Build.0 = Release|x64
		{BA4A75D9-4EDF-4C57-990F-28EC077510A7}.Release|Any CPU.Deploy.0 = Release|x64
		{BA4A75D9-4EDF-4C57-990F-28EC077510A7}.Release|arm64.ActiveCfg = Release|arm64
		{BA4A75D9-4EDF-4C57-990F-28EC077510A7}.Release|arm64.Build.0 = Release|arm64
		{BA4A75D9-4EDF-4C57-990F-28EC077510A7}.Release|arm64.Deploy.0 = Release|arm64
		{BA4A75D9-4EDF-4C57-990F-28EC077510A7}.Release|x64.ActiveCfg = Release|x64
		{BA4A75D9-4EDF-4C57-990F-28EC077510A7}.Release|x64.Build.0 = Release|x64
		{BA4A75D9-4EDF-4C57-990F-28EC077510A7}.Release|x64.Deploy.0 = Release|x64
		{BA4A75D9-4EDF-4C57-990F-28EC077510A7}.Release|x86.ActiveCfg = Release|x86
		{BA4A75D9-4EDF-4C57-990F-28EC077510A7}.Release|x86.Build.0 = Release|x86
		{BA4A75D9-4EDF-4C57-990F-28EC077510A7}.Release|x86.Deploy.0 = Release|x86
	EndGlobalSection
	GlobalSection(SolutionProperties) = preSolution
		HideSolutionNode = FALSE
	EndGlobalSection
	GlobalSection(ExtensibilityGlobals) = postSolution
		SolutionGuid = {8E8D88B4-70A3-4B91-85EC-F6C19F9B8725}
	EndGlobalSection
EndGlobal
